
Microsoft Visual Studio Solution File, Format Version 12.00
# Visual Studio 15
VisualStudioVersion = 15.0.28307.489
MinimumVisualStudioVersion = 10.0.40219.1
Project("{FAE04EC0-301F-11D3-BF4B-00C04F79EFBC}") = "NicaBackpacker.Android", "NicaBackpacker\NicaBackpacker.Android\NicaBackpacker.Android.csproj", "{43087923-3DBB-43FD-8AE4-3E3ACB9FD250}"
EndProject
Project("{FAE04EC0-301F-11D3-BF4B-00C04F79EFBC}") = "NicaBackpacker.iOS", "NicaBackpacker\NicaBackpacker.iOS\NicaBackpacker.iOS.csproj", "{1358E5B2-4DA3-4418-A653-740FD7F31900}"
EndProject
Project("{FAE04EC0-301F-11D3-BF4B-00C04F79EFBC}") = "NicaBackpacker.UWP", "NicaBackpacker\NicaBackpacker.UWP\NicaBackpacker.UWP.csproj", "{F07E9375-677B-4502-9553-FDFC4EC5B83A}"
EndProject
Project("{FAE04EC0-301F-11D3-BF4B-00C04F79EFBC}") = "NicaBackpacker", "NicaBackpacker\NicaBackpacker\NicaBackpacker.csproj", "{A28914B0-5983-4DEA-93B0-1263BAB57995}"
EndProject
Global
	GlobalSection(SolutionConfigurationPlatforms) = preSolution
		Ad-Hoc|Any CPU = Ad-Hoc|Any CPU
		Ad-Hoc|ARM = Ad-Hoc|ARM
		Ad-Hoc|iPhone = Ad-Hoc|iPhone
		Ad-Hoc|iPhoneSimulator = Ad-Hoc|iPhoneSimulator
		Ad-Hoc|x64 = Ad-Hoc|x64
		Ad-Hoc|x86 = Ad-Hoc|x86
		AppStore|Any CPU = AppStore|Any CPU
		AppStore|ARM = AppStore|ARM
		AppStore|iPhone = AppStore|iPhone
		AppStore|iPhoneSimulator = AppStore|iPhoneSimulator
		AppStore|x64 = AppStore|x64
		AppStore|x86 = AppStore|x86
		Debug|Any CPU = Debug|Any CPU
		Debug|ARM = Debug|ARM
		Debug|iPhone = Debug|iPhone
		Debug|iPhoneSimulator = Debug|iPhoneSimulator
		Debug|x64 = Debug|x64
		Debug|x86 = Debug|x86
		Release|Any CPU = Release|Any CPU
		Release|ARM = Release|ARM
		Release|iPhone = Release|iPhone
		Release|iPhoneSimulator = Release|iPhoneSimulator
		Release|x64 = Release|x64
		Release|x86 = Release|x86
	EndGlobalSection
	GlobalSection(ProjectConfigurationPlatforms) = postSolution
		{43087923-3DBB-43FD-8AE4-3E3ACB9FD250}.Ad-Hoc|Any CPU.ActiveCfg = Release|Any CPU
		{43087923-3DBB-43FD-8AE4-3E3ACB9FD250}.Ad-Hoc|Any CPU.Build.0 = Release|Any CPU
		{43087923-3DBB-43FD-8AE4-3E3ACB9FD250}.Ad-Hoc|Any CPU.Deploy.0 = Release|Any CPU
		{43087923-3DBB-43FD-8AE4-3E3ACB9FD250}.Ad-Hoc|ARM.ActiveCfg = Release|Any CPU
		{43087923-3DBB-43FD-8AE4-3E3ACB9FD250}.Ad-Hoc|ARM.Build.0 = Release|Any CPU
		{43087923-3DBB-43FD-8AE4-3E3ACB9FD250}.Ad-Hoc|ARM.Deploy.0 = Release|Any CPU
		{43087923-3DBB-43FD-8AE4-3E3ACB9FD250}.Ad-Hoc|iPhone.ActiveCfg = Release|Any CPU
		{43087923-3DBB-43FD-8AE4-3E3ACB9FD250}.Ad-Hoc|iPhone.Build.0 = Release|Any CPU
		{43087923-3DBB-43FD-8AE4-3E3ACB9FD250}.Ad-Hoc|iPhone.Deploy.0 = Release|Any CPU
		{43087923-3DBB-43FD-8AE4-3E3ACB9FD250}.Ad-Hoc|iPhoneSimulator.ActiveCfg = Release|Any CPU
		{43087923-3DBB-43FD-8AE4-3E3ACB9FD250}.Ad-Hoc|iPhoneSimulator.Build.0 = Release|Any CPU
		{43087923-3DBB-43FD-8AE4-3E3ACB9FD250}.Ad-Hoc|iPhoneSimulator.Deploy.0 = Release|Any CPU
		{43087923-3DBB-43FD-8AE4-3E3ACB9FD250}.Ad-Hoc|x64.ActiveCfg = Release|Any CPU
		{43087923-3DBB-43FD-8AE4-3E3ACB9FD250}.Ad-Hoc|x64.Build.0 = Release|Any CPU
		{43087923-3DBB-43FD-8AE4-3E3ACB9FD250}.Ad-Hoc|x64.Deploy.0 = Release|Any CPU
		{43087923-3DBB-43FD-8AE4-3E3ACB9FD250}.Ad-Hoc|x86.ActiveCfg = Release|Any CPU
		{43087923-3DBB-43FD-8AE4-3E3ACB9FD250}.Ad-Hoc|x86.Build.0 = Release|Any CPU
		{43087923-3DBB-43FD-8AE4-3E3ACB9FD250}.Ad-Hoc|x86.Deploy.0 = Release|Any CPU
		{43087923-3DBB-43FD-8AE4-3E3ACB9FD250}.AppStore|Any CPU.ActiveCfg = Release|Any CPU
		{43087923-3DBB-43FD-8AE4-3E3ACB9FD250}.AppStore|Any CPU.Build.0 = Release|Any CPU
		{43087923-3DBB-43FD-8AE4-3E3ACB9FD250}.AppStore|Any CPU.Deploy.0 = Release|Any CPU
		{43087923-3DBB-43FD-8AE4-3E3ACB9FD250}.AppStore|ARM.ActiveCfg = Release|Any CPU
		{43087923-3DBB-43FD-8AE4-3E3ACB9FD250}.AppStore|ARM.Build.0 = Release|Any CPU
		{43087923-3DBB-43FD-8AE4-3E3ACB9FD250}.AppStore|ARM.Deploy.0 = Release|Any CPU
		{43087923-3DBB-43FD-8AE4-3E3ACB9FD250}.AppStore|iPhone.ActiveCfg = Release|Any CPU
		{43087923-3DBB-43FD-8AE4-3E3ACB9FD250}.AppStore|iPhone.Build.0 = Release|Any CPU
		{43087923-3DBB-43FD-8AE4-3E3ACB9FD250}.AppStore|iPhone.Deploy.0 = Release|Any CPU
		{43087923-3DBB-43FD-8AE4-3E3ACB9FD250}.AppStore|iPhoneSimulator.ActiveCfg = Release|Any CPU
		{43087923-3DBB-43FD-8AE4-3E3ACB9FD250}.AppStore|iPhoneSimulator.Build.0 = Release|Any CPU
		{43087923-3DBB-43FD-8AE4-3E3ACB9FD250}.AppStore|iPhoneSimulator.Deploy.0 = Release|Any CPU
		{43087923-3DBB-43FD-8AE4-3E3ACB9FD250}.AppStore|x64.ActiveCfg = Release|Any CPU
		{43087923-3DBB-43FD-8AE4-3E3ACB9FD250}.AppStore|x64.Build.0 = Release|Any CPU
		{43087923-3DBB-43FD-8AE4-3E3ACB9FD250}.AppStore|x64.Deploy.0 = Release|Any CPU
		{43087923-3DBB-43FD-8AE4-3E3ACB9FD250}.AppStore|x86.ActiveCfg = Release|Any CPU
		{43087923-3DBB-43FD-8AE4-3E3ACB9FD250}.AppStore|x86.Build.0 = Release|Any CPU
		{43087923-3DBB-43FD-8AE4-3E3ACB9FD250}.AppStore|x86.Deploy.0 = Release|Any CPU
		{43087923-3DBB-43FD-8AE4-3E3ACB9FD250}.Debug|Any CPU.ActiveCfg = Debug|Any CPU
		{43087923-3DBB-43FD-8AE4-3E3ACB9FD250}.Debug|Any CPU.Build.0 = Debug|Any CPU
		{43087923-3DBB-43FD-8AE4-3E3ACB9FD250}.Debug|Any CPU.Deploy.0 = Debug|Any CPU
		{43087923-3DBB-43FD-8AE4-3E3ACB9FD250}.Debug|ARM.ActiveCfg = Debug|Any CPU
		{43087923-3DBB-43FD-8AE4-3E3ACB9FD250}.Debug|ARM.Build.0 = Debug|Any CPU
		{43087923-3DBB-43FD-8AE4-3E3ACB9FD250}.Debug|ARM.Deploy.0 = Debug|Any CPU
		{43087923-3DBB-43FD-8AE4-3E3ACB9FD250}.Debug|iPhone.ActiveCfg = Debug|Any CPU
		{43087923-3DBB-43FD-8AE4-3E3ACB9FD250}.Debug|iPhone.Build.0 = Debug|Any CPU
		{43087923-3DBB-43FD-8AE4-3E3ACB9FD250}.Debug|iPhone.Deploy.0 = Debug|Any CPU
		{43087923-3DBB-43FD-8AE4-3E3ACB9FD250}.Debug|iPhoneSimulator.ActiveCfg = Debug|Any CPU
		{43087923-3DBB-43FD-8AE4-3E3ACB9FD250}.Debug|iPhoneSimulator.Build.0 = Debug|Any CPU
		{43087923-3DBB-43FD-8AE4-3E3ACB9FD250}.Debug|iPhoneSimulator.Deploy.0 = Debug|Any CPU
		{43087923-3DBB-43FD-8AE4-3E3ACB9FD250}.Debug|x64.ActiveCfg = Debug|Any CPU
		{43087923-3DBB-43FD-8AE4-3E3ACB9FD250}.Debug|x64.Build.0 = Debug|Any CPU
		{43087923-3DBB-43FD-8AE4-3E3ACB9FD250}.Debug|x64.Deploy.0 = Debug|Any CPU
		{43087923-3DBB-43FD-8AE4-3E3ACB9FD250}.Debug|x86.ActiveCfg = Debug|Any CPU
		{43087923-3DBB-43FD-8AE4-3E3ACB9FD250}.Debug|x86.Build.0 = Debug|Any CPU
		{43087923-3DBB-43FD-8AE4-3E3ACB9FD250}.Debug|x86.Deploy.0 = Debug|Any CPU
		{43087923-3DBB-43FD-8AE4-3E3ACB9FD250}.Release|Any CPU.ActiveCfg = Release|Any CPU
		{43087923-3DBB-43FD-8AE4-3E3ACB9FD250}.Release|Any CPU.Build.0 = Release|Any CPU
		{43087923-3DBB-43FD-8AE4-3E3ACB9FD250}.Release|Any CPU.Deploy.0 = Release|Any CPU
		{43087923-3DBB-43FD-8AE4-3E3ACB9FD250}.Release|ARM.ActiveCfg = Release|Any CPU
		{43087923-3DBB-43FD-8AE4-3E3ACB9FD250}.Release|ARM.Build.0 = Release|Any CPU
		{43087923-3DBB-43FD-8AE4-3E3ACB9FD250}.Release|ARM.Deploy.0 = Release|Any CPU
		{43087923-3DBB-43FD-8AE4-3E3ACB9FD250}.Release|iPhone.ActiveCfg = Release|Any CPU
		{43087923-3DBB-43FD-8AE4-3E3ACB9FD250}.Release|iPhone.Build.0 = Release|Any CPU
		{43087923-3DBB-43FD-8AE4-3E3ACB9FD250}.Release|iPhone.Deploy.0 = Release|Any CPU
		{43087923-3DBB-43FD-8AE4-3E3ACB9FD250}.Release|iPhoneSimulator.ActiveCfg = Release|Any CPU
		{43087923-3DBB-43FD-8AE4-3E3ACB9FD250}.Release|iPhoneSimulator.Build.0 = Release|Any CPU
		{43087923-3DBB-43FD-8AE4-3E3ACB9FD250}.Release|iPhoneSimulator.Deploy.0 = Release|Any CPU
		{43087923-3DBB-43FD-8AE4-3E3ACB9FD250}.Release|x64.ActiveCfg = Release|Any CPU
		{43087923-3DBB-43FD-8AE4-3E3ACB9FD250}.Release|x64.Build.0 = Release|Any CPU
		{43087923-3DBB-43FD-8AE4-3E3ACB9FD250}.Release|x64.Deploy.0 = Release|Any CPU
		{43087923-3DBB-43FD-8AE4-3E3ACB9FD250}.Release|x86.ActiveCfg = Release|Any CPU
		{43087923-3DBB-43FD-8AE4-3E3ACB9FD250}.Release|x86.Build.0 = Release|Any CPU
		{43087923-3DBB-43FD-8AE4-3E3ACB9FD250}.Release|x86.Deploy.0 = Release|Any CPU
		{1358E5B2-4DA3-4418-A653-740FD7F31900}.Ad-Hoc|Any CPU.ActiveCfg = Ad-Hoc|iPhone
		{1358E5B2-4DA3-4418-A653-740FD7F31900}.Ad-Hoc|Any CPU.Build.0 = Ad-Hoc|iPhone
		{1358E5B2-4DA3-4418-A653-740FD7F31900}.Ad-Hoc|Any CPU.Deploy.0 = Ad-Hoc|iPhone
		{1358E5B2-4DA3-4418-A653-740FD7F31900}.Ad-Hoc|ARM.ActiveCfg = Ad-Hoc|iPhone
		{1358E5B2-4DA3-4418-A653-740FD7F31900}.Ad-Hoc|ARM.Build.0 = Ad-Hoc|iPhone
		{1358E5B2-4DA3-4418-A653-740FD7F31900}.Ad-Hoc|ARM.Deploy.0 = Ad-Hoc|iPhone
		{1358E5B2-4DA3-4418-A653-740FD7F31900}.Ad-Hoc|iPhone.ActiveCfg = Ad-Hoc|iPhone
		{1358E5B2-4DA3-4418-A653-740FD7F31900}.Ad-Hoc|iPhone.Build.0 = Ad-Hoc|iPhone
		{1358E5B2-4DA3-4418-A653-740FD7F31900}.Ad-Hoc|iPhone.Deploy.0 = Ad-Hoc|iPhone
		{1358E5B2-4DA3-4418-A653-740FD7F31900}.Ad-Hoc|iPhoneSimulator.ActiveCfg = Ad-Hoc|iPhoneSimulator
		{1358E5B2-4DA3-4418-A653-740FD7F31900}.Ad-Hoc|iPhoneSimulator.Build.0 = Ad-Hoc|iPhoneSimulator
		{1358E5B2-4DA3-4418-A653-740FD7F31900}.Ad-Hoc|iPhoneSimulator.Deploy.0 = Ad-Hoc|iPhoneSimulator
		{1358E5B2-4DA3-4418-A653-740FD7F31900}.Ad-Hoc|x64.ActiveCfg = Ad-Hoc|iPhone
		{1358E5B2-4DA3-4418-A653-740FD7F31900}.Ad-Hoc|x64.Build.0 = Ad-Hoc|iPhone
		{1358E5B2-4DA3-4418-A653-740FD7F31900}.Ad-Hoc|x64.Deploy.0 = Ad-Hoc|iPhone
		{1358E5B2-4DA3-4418-A653-740FD7F31900}.Ad-Hoc|x86.ActiveCfg = Ad-Hoc|iPhone
		{1358E5B2-4DA3-4418-A653-740FD7F31900}.Ad-Hoc|x86.Build.0 = Ad-Hoc|iPhone
		{1358E5B2-4DA3-4418-A653-740FD7F31900}.Ad-Hoc|x86.Deploy.0 = Ad-Hoc|iPhone
		{1358E5B2-4DA3-4418-A653-740FD7F31900}.AppStore|Any CPU.ActiveCfg = AppStore|iPhone
		{1358E5B2-4DA3-4418-A653-740FD7F31900}.AppStore|Any CPU.Build.0 = AppStore|iPhone
		{1358E5B2-4DA3-4418-A653-740FD7F31900}.AppStore|Any CPU.Deploy.0 = AppStore|iPhone
		{1358E5B2-4DA3-4418-A653-740FD7F31900}.AppStore|ARM.ActiveCfg = AppStore|iPhone
		{1358E5B2-4DA3-4418-A653-740FD7F31900}.AppStore|ARM.Build.0 = AppStore|iPhone
		{1358E5B2-4DA3-4418-A653-740FD7F31900}.AppStore|ARM.Deploy.0 = AppStore|iPhone
		{1358E5B2-4DA3-4418-A653-740FD7F31900}.AppStore|iPhone.ActiveCfg = AppStore|iPhone
		{1358E5B2-4DA3-4418-A653-740FD7F31900}.AppStore|iPhone.Build.0 = AppStore|iPhone
		{1358E5B2-4DA3-4418-A653-740FD7F31900}.AppStore|iPhone.Deploy.0 = AppStore|iPhone
		{1358E5B2-4DA3-4418-A653-740FD7F31900}.AppStore|iPhoneSimulator.ActiveCfg = AppStore|iPhoneSimulator
		{1358E5B2-4DA3-4418-A653-740FD7F31900}.AppStore|iPhoneSimulator.Build.0 = AppStore|iPhoneSimulator
		{1358E5B2-4DA3-4418-A653-740FD7F31900}.AppStore|iPhoneSimulator.Deploy.0 = AppStore|iPhoneSimulator
		{1358E5B2-4DA3-4418-A653-740FD7F31900}.AppStore|x64.ActiveCfg = AppStore|iPhone
		{1358E5B2-4DA3-4418-A653-740FD7F31900}.AppStore|x64.Build.0 = AppStore|iPhone
		{1358E5B2-4DA3-4418-A653-740FD7F31900}.AppStore|x64.Deploy.0 = AppStore|iPhone
		{1358E5B2-4DA3-4418-A653-740FD7F31900}.AppStore|x86.ActiveCfg = AppStore|iPhone
		{1358E5B2-4DA3-4418-A653-740FD7F31900}.AppStore|x86.Build.0 = AppStore|iPhone
		{1358E5B2-4DA3-4418-A653-740FD7F31900}.AppStore|x86.Deploy.0 = AppStore|iPhone
		{1358E5B2-4DA3-4418-A653-740FD7F31900}.Debug|Any CPU.ActiveCfg = Debug|iPhoneSimulator
		{1358E5B2-4DA3-4418-A653-740FD7F31900}.Debug|Any CPU.Build.0 = Debug|iPhoneSimulator
		{1358E5B2-4DA3-4418-A653-740FD7F31900}.Debug|Any CPU.Deploy.0 = Debug|iPhoneSimulator
		{1358E5B2-4DA3-4418-A653-740FD7F31900}.Debug|ARM.ActiveCfg = Debug|iPhone
		{1358E5B2-4DA3-4418-A653-740FD7F31900}.Debug|ARM.Build.0 = Debug|iPhone
		{1358E5B2-4DA3-4418-A653-740FD7F31900}.Debug|ARM.Deploy.0 = Debug|iPhone
		{1358E5B2-4DA3-4418-A653-740FD7F31900}.Debug|iPhone.ActiveCfg = Debug|iPhone
		{1358E5B2-4DA3-4418-A653-740FD7F31900}.Debug|iPhone.Build.0 = Debug|iPhone
		{1358E5B2-4DA3-4418-A653-740FD7F31900}.Debug|iPhone.Deploy.0 = Debug|iPhone
		{1358E5B2-4DA3-4418-A653-740FD7F31900}.Debug|iPhoneSimulator.ActiveCfg = Debug|iPhoneSimulator
		{1358E5B2-4DA3-4418-A653-740FD7F31900}.Debug|iPhoneSimulator.Build.0 = Debug|iPhoneSimulator
		{1358E5B2-4DA3-4418-A653-740FD7F31900}.Debug|iPhoneSimulator.Deploy.0 = Debug|iPhoneSimulator
		{1358E5B2-4DA3-4418-A653-740FD7F31900}.Debug|x64.ActiveCfg = Debug|iPhone
		{1358E5B2-4DA3-4418-A653-740FD7F31900}.Debug|x64.Build.0 = Debug|iPhone
		{1358E5B2-4DA3-4418-A653-740FD7F31900}.Debug|x64.Deploy.0 = Debug|iPhone
		{1358E5B2-4DA3-4418-A653-740FD7F31900}.Debug|x86.ActiveCfg = Debug|iPhone
		{1358E5B2-4DA3-4418-A653-740FD7F31900}.Debug|x86.Build.0 = Debug|iPhone
		{1358E5B2-4DA3-4418-A653-740FD7F31900}.Debug|x86.Deploy.0 = Debug|iPhone
		{1358E5B2-4DA3-4418-A653-740FD7F31900}.Release|Any CPU.ActiveCfg = Release|iPhone
		{1358E5B2-4DA3-4418-A653-740FD7F31900}.Release|Any CPU.Build.0 = Release|iPhone
		{1358E5B2-4DA3-4418-A653-740FD7F31900}.Release|Any CPU.Deploy.0 = Release|iPhone
		{1358E5B2-4DA3-4418-A653-740FD7F31900}.Release|ARM.ActiveCfg = Release|iPhone
		{1358E5B2-4DA3-4418-A653-740FD7F31900}.Release|ARM.Build.0 = Release|iPhone
		{1358E5B2-4DA3-4418-A653-740FD7F31900}.Release|ARM.Deploy.0 = Release|iPhone
		{1358E5B2-4DA3-4418-A653-740FD7F31900}.Release|iPhone.ActiveCfg = Release|iPhone
		{1358E5B2-4DA3-4418-A653-740FD7F31900}.Release|iPhone.Build.0 = Release|iPhone
		{1358E5B2-4DA3-4418-A653-740FD7F31900}.Release|iPhone.Deploy.0 = Release|iPhone
		{1358E5B2-4DA3-4418-A653-740FD7F31900}.Release|iPhoneSimulator.ActiveCfg = Release|iPhoneSimulator
		{1358E5B2-4DA3-4418-A653-740FD7F31900}.Release|iPhoneSimulator.Build.0 = Release|iPhoneSimulator
		{1358E5B2-4DA3-4418-A653-740FD7F31900}.Release|iPhoneSimulator.Deploy.0 = Release|iPhoneSimulator
		{1358E5B2-4DA3-4418-A653-740FD7F31900}.Release|x64.ActiveCfg = Release|iPhone
		{1358E5B2-4DA3-4418-A653-740FD7F31900}.Release|x64.Build.0 = Release|iPhone
		{1358E5B2-4DA3-4418-A653-740FD7F31900}.Release|x64.Deploy.0 = Release|iPhone
		{1358E5B2-4DA3-4418-A653-740FD7F31900}.Release|x86.ActiveCfg = Release|iPhone
		{1358E5B2-4DA3-4418-A653-740FD7F31900}.Release|x86.Build.0 = Release|iPhone
		{1358E5B2-4DA3-4418-A653-740FD7F31900}.Release|x86.Deploy.0 = Release|iPhone
		{F07E9375-677B-4502-9553-FDFC4EC5B83A}.Ad-Hoc|Any CPU.ActiveCfg = Release|x86
		{F07E9375-677B-4502-9553-FDFC4EC5B83A}.Ad-Hoc|Any CPU.Build.0 = Release|x86
		{F07E9375-677B-4502-9553-FDFC4EC5B83A}.Ad-Hoc|Any CPU.Deploy.0 = Release|x86
		{F07E9375-677B-4502-9553-FDFC4EC5B83A}.Ad-Hoc|ARM.ActiveCfg = Release|ARM
		{F07E9375-677B-4502-9553-FDFC4EC5B83A}.Ad-Hoc|ARM.Build.0 = Release|ARM
		{F07E9375-677B-4502-9553-FDFC4EC5B83A}.Ad-Hoc|ARM.Deploy.0 = Release|ARM
		{F07E9375-677B-4502-9553-FDFC4EC5B83A}.Ad-Hoc|iPhone.ActiveCfg = Release|x86
		{F07E9375-677B-4502-9553-FDFC4EC5B83A}.Ad-Hoc|iPhone.Build.0 = Release|x86
		{F07E9375-677B-4502-9553-FDFC4EC5B83A}.Ad-Hoc|iPhone.Deploy.0 = Release|x86
		{F07E9375-677B-4502-9553-FDFC4EC5B83A}.Ad-Hoc|iPhoneSimulator.ActiveCfg = Release|x86
		{F07E9375-677B-4502-9553-FDFC4EC5B83A}.Ad-Hoc|iPhoneSimulator.Build.0 = Release|x86
		{F07E9375-677B-4502-9553-FDFC4EC5B83A}.Ad-Hoc|iPhoneSimulator.Deploy.0 = Release|x86
		{F07E9375-677B-4502-9553-FDFC4EC5B83A}.Ad-Hoc|x64.ActiveCfg = Release|x64
		{F07E9375-677B-4502-9553-FDFC4EC5B83A}.Ad-Hoc|x64.Build.0 = Release|x64
		{F07E9375-677B-4502-9553-FDFC4EC5B83A}.Ad-Hoc|x64.Deploy.0 = Release|x64
		{F07E9375-677B-4502-9553-FDFC4EC5B83A}.Ad-Hoc|x86.ActiveCfg = Release|x86
		{F07E9375-677B-4502-9553-FDFC4EC5B83A}.Ad-Hoc|x86.Build.0 = Release|x86
		{F07E9375-677B-4502-9553-FDFC4EC5B83A}.Ad-Hoc|x86.Deploy.0 = Release|x86
		{F07E9375-677B-4502-9553-FDFC4EC5B83A}.AppStore|Any CPU.ActiveCfg = Release|x86
		{F07E9375-677B-4502-9553-FDFC4EC5B83A}.AppStore|Any CPU.Build.0 = Release|x86
		{F07E9375-677B-4502-9553-FDFC4EC5B83A}.AppStore|Any CPU.Deploy.0 = Release|x86
		{F07E9375-677B-4502-9553-FDFC4EC5B83A}.AppStore|ARM.ActiveCfg = Release|ARM
		{F07E9375-677B-4502-9553-FDFC4EC5B83A}.AppStore|ARM.Build.0 = Release|ARM
		{F07E9375-677B-4502-9553-FDFC4EC5B83A}.AppStore|ARM.Deploy.0 = Release|ARM
		{F07E9375-677B-4502-9553-FDFC4EC5B83A}.AppStore|iPhone.ActiveCfg = Release|x86
		{F07E9375-677B-4502-9553-FDFC4EC5B83A}.AppStore|iPhone.Build.0 = Release|x86
		{F07E9375-677B-4502-9553-FDFC4EC5B83A}.AppStore|iPhone.Deploy.0 = Release|x86
		{F07E9375-677B-4502-9553-FDFC4EC5B83A}.AppStore|iPhoneSimulator.ActiveCfg = Release|x86
		{F07E9375-677B-4502-9553-FDFC4EC5B83A}.AppStore|iPhoneSimulator.Build.0 = Release|x86
		{F07E9375-677B-4502-9553-FDFC4EC5B83A}.AppStore|iPhoneSimulator.Deploy.0 = Release|x86
		{F07E9375-677B-4502-9553-FDFC4EC5B83A}.AppStore|x64.ActiveCfg = Release|x64
		{F07E9375-677B-4502-9553-FDFC4EC5B83A}.AppStore|x64.Build.0 = Release|x64
		{F07E9375-677B-4502-9553-FDFC4EC5B83A}.AppStore|x64.Deploy.0 = Release|x64
		{F07E9375-677B-4502-9553-FDFC4EC5B83A}.AppStore|x86.ActiveCfg = Release|x86
		{F07E9375-677B-4502-9553-FDFC4EC5B83A}.AppStore|x86.Build.0 = Release|x86
		{F07E9375-677B-4502-9553-FDFC4EC5B83A}.AppStore|x86.Deploy.0 = Release|x86
		{F07E9375-677B-4502-9553-FDFC4EC5B83A}.Debug|Any CPU.ActiveCfg = Debug|x86
		{F07E9375-677B-4502-9553-FDFC4EC5B83A}.Debug|Any CPU.Build.0 = Debug|x86
		{F07E9375-677B-4502-9553-FDFC4EC5B83A}.Debug|Any CPU.Deploy.0 = Debug|x86
		{F07E9375-677B-4502-9553-FDFC4EC5B83A}.Debug|ARM.ActiveCfg = Debug|ARM
		{F07E9375-677B-4502-9553-FDFC4EC5B83A}.Debug|ARM.Build.0 = Debug|ARM
		{F07E9375-677B-4502-9553-FDFC4EC5B83A}.Debug|ARM.Deploy.0 = Debug|ARM
		{F07E9375-677B-4502-9553-FDFC4EC5B83A}.Debug|iPhone.ActiveCfg = Debug|x86
		{F07E9375-677B-4502-9553-FDFC4EC5B83A}.Debug|iPhone.Build.0 = Debug|x86
		{F07E9375-677B-4502-9553-FDFC4EC5B83A}.Debug|iPhone.Deploy.0 = Debug|x86
		{F07E9375-677B-4502-9553-FDFC4EC5B83A}.Debug|iPhoneSimulator.ActiveCfg = Debug|x86
		{F07E9375-677B-4502-9553-FDFC4EC5B83A}.Debug|iPhoneSimulator.Build.0 = Debug|x86
		{F07E9375-677B-4502-9553-FDFC4EC5B83A}.Debug|iPhoneSimulator.Deploy.0 = Debug|x86
		{F07E9375-677B-4502-9553-FDFC4EC5B83A}.Debug|x64.ActiveCfg = Debug|x64
		{F07E9375-677B-4502-9553-FDFC4EC5B83A}.Debug|x64.Build.0 = Debug|x64
		{F07E9375-677B-4502-9553-FDFC4EC5B83A}.Debug|x64.Deploy.0 = Debug|x64
		{F07E9375-677B-4502-9553-FDFC4EC5B83A}.Debug|x86.ActiveCfg = Debug|x86
		{F07E9375-677B-4502-9553-FDFC4EC5B83A}.Debug|x86.Build.0 = Debug|x86
		{F07E9375-677B-4502-9553-FDFC4EC5B83A}.Debug|x86.Deploy.0 = Debug|x86
		{F07E9375-677B-4502-9553-FDFC4EC5B83A}.Release|Any CPU.ActiveCfg = Release|x86
		{F07E9375-677B-4502-9553-FDFC4EC5B83A}.Release|Any CPU.Build.0 = Release|x86
		{F07E9375-677B-4502-9553-FDFC4EC5B83A}.Release|Any CPU.Deploy.0 = Release|x86
		{F07E9375-677B-4502-9553-FDFC4EC5B83A}.Release|ARM.ActiveCfg = Release|ARM
		{F07E9375-677B-4502-9553-FDFC4EC5B83A}.Release|ARM.Build.0 = Release|ARM
		{F07E9375-677B-4502-9553-FDFC4EC5B83A}.Release|ARM.Deploy.0 = Release|ARM
		{F07E9375-677B-4502-9553-FDFC4EC5B83A}.Release|iPhone.ActiveCfg = Release|x86
		{F07E9375-677B-4502-9553-FDFC4EC5B83A}.Release|iPhone.Build.0 = Release|x86
		{F07E9375-677B-4502-9553-FDFC4EC5B83A}.Release|iPhone.Deploy.0 = Release|x86
		{F07E9375-677B-4502-9553-FDFC4EC5B83A}.Release|iPhoneSimulator.ActiveCfg = Release|x86
		{F07E9375-677B-4502-9553-FDFC4EC5B83A}.Release|iPhoneSimulator.Build.0 = Release|x86
		{F07E9375-677B-4502-9553-FDFC4EC5B83A}.Release|iPhoneSimulator.Deploy.0 = Release|x86
		{F07E9375-677B-4502-9553-FDFC4EC5B83A}.Release|x64.ActiveCfg = Release|x64
		{F07E9375-677B-4502-9553-FDFC4EC5B83A}.Release|x64.Build.0 = Release|x64
		{F07E9375-677B-4502-9553-FDFC4EC5B83A}.Release|x64.Deploy.0 = Release|x64
		{F07E9375-677B-4502-9553-FDFC4EC5B83A}.Release|x86.ActiveCfg = Release|x86
		{F07E9375-677B-4502-9553-FDFC4EC5B83A}.Release|x86.Build.0 = Release|x86
		{F07E9375-677B-4502-9553-FDFC4EC5B83A}.Release|x86.Deploy.0 = Release|x86
		{A28914B0-5983-4DEA-93B0-1263BAB57995}.Ad-Hoc|Any CPU.ActiveCfg = Debug|Any CPU
		{A28914B0-5983-4DEA-93B0-1263BAB57995}.Ad-Hoc|Any CPU.Build.0 = Debug|Any CPU
		{A28914B0-5983-4DEA-93B0-1263BAB57995}.Ad-Hoc|Any CPU.Deploy.0 = Debug|Any CPU
		{A28914B0-5983-4DEA-93B0-1263BAB57995}.Ad-Hoc|ARM.ActiveCfg = Debug|Any CPU
		{A28914B0-5983-4DEA-93B0-1263BAB57995}.Ad-Hoc|ARM.Build.0 = Debug|Any CPU
		{A28914B0-5983-4DEA-93B0-1263BAB57995}.Ad-Hoc|ARM.Deploy.0 = Debug|Any CPU
		{A28914B0-5983-4DEA-93B0-1263BAB57995}.Ad-Hoc|iPhone.ActiveCfg = Debug|Any CPU
		{A28914B0-5983-4DEA-93B0-1263BAB57995}.Ad-Hoc|iPhone.Build.0 = Debug|Any CPU
		{A28914B0-5983-4DEA-93B0-1263BAB57995}.Ad-Hoc|iPhone.Deploy.0 = Debug|Any CPU
		{A28914B0-5983-4DEA-93B0-1263BAB57995}.Ad-Hoc|iPhoneSimulator.ActiveCfg = Debug|Any CPU
		{A28914B0-5983-4DEA-93B0-1263BAB57995}.Ad-Hoc|iPhoneSimulator.Build.0 = Debug|Any CPU
		{A28914B0-5983-4DEA-93B0-1263BAB57995}.Ad-Hoc|iPhoneSimulator.Deploy.0 = Debug|Any CPU
		{A28914B0-5983-4DEA-93B0-1263BAB57995}.Ad-Hoc|x64.ActiveCfg = Debug|Any CPU
		{A28914B0-5983-4DEA-93B0-1263BAB57995}.Ad-Hoc|x64.Build.0 = Debug|Any CPU
		{A28914B0-5983-4DEA-93B0-1263BAB57995}.Ad-Hoc|x64.Deploy.0 = Debug|Any CPU
		{A28914B0-5983-4DEA-93B0-1263BAB57995}.Ad-Hoc|x86.ActiveCfg = Debug|Any CPU
		{A28914B0-5983-4DEA-93B0-1263BAB57995}.Ad-Hoc|x86.Build.0 = Debug|Any CPU
		{A28914B0-5983-4DEA-93B0-1263BAB57995}.Ad-Hoc|x86.Deploy.0 = Debug|Any CPU
		{A28914B0-5983-4DEA-93B0-1263BAB57995}.AppStore|Any CPU.ActiveCfg = Debug|Any CPU
		{A28914B0-5983-4DEA-93B0-1263BAB57995}.AppStore|Any CPU.Build.0 = Debug|Any CPU
		{A28914B0-5983-4DEA-93B0-1263BAB57995}.AppStore|Any CPU.Deploy.0 = Debug|Any CPU
		{A28914B0-5983-4DEA-93B0-1263BAB57995}.AppStore|ARM.ActiveCfg = Debug|Any CPU
		{A28914B0-5983-4DEA-93B0-1263BAB57995}.AppStore|ARM.Build.0 = Debug|Any CPU
		{A28914B0-5983-4DEA-93B0-1263BAB57995}.AppStore|ARM.Deploy.0 = Debug|Any CPU
		{A28914B0-5983-4DEA-93B0-1263BAB57995}.AppStore|iPhone.ActiveCfg = Debug|Any CPU
		{A28914B0-5983-4DEA-93B0-1263BAB57995}.AppStore|iPhone.Build.0 = Debug|Any CPU
		{A28914B0-5983-4DEA-93B0-1263BAB57995}.AppStore|iPhone.Deploy.0 = Debug|Any CPU
		{A28914B0-5983-4DEA-93B0-1263BAB57995}.AppStore|iPhoneSimulator.ActiveCfg = Debug|Any CPU
		{A28914B0-5983-4DEA-93B0-1263BAB57995}.AppStore|iPhoneSimulator.Build.0 = Debug|Any CPU
		{A28914B0-5983-4DEA-93B0-1263BAB57995}.AppStore|iPhoneSimulator.Deploy.0 = Debug|Any CPU
		{A28914B0-5983-4DEA-93B0-1263BAB57995}.AppStore|x64.ActiveCfg = Debug|Any CPU
		{A28914B0-5983-4DEA-93B0-1263BAB57995}.AppStore|x64.Build.0 = Debug|Any CPU
		{A28914B0-5983-4DEA-93B0-1263BAB57995}.AppStore|x64.Deploy.0 = Debug|Any CPU
		{A28914B0-5983-4DEA-93B0-1263BAB57995}.AppStore|x86.ActiveCfg = Debug|Any CPU
		{A28914B0-5983-4DEA-93B0-1263BAB57995}.AppStore|x86.Build.0 = Debug|Any CPU
		{A28914B0-5983-4DEA-93B0-1263BAB57995}.AppStore|x86.Deploy.0 = Debug|Any CPU
		{A28914B0-5983-4DEA-93B0-1263BAB57995}.Debug|Any CPU.ActiveCfg = Debug|Any CPU
		{A28914B0-5983-4DEA-93B0-1263BAB57995}.Debug|Any CPU.Build.0 = Debug|Any CPU
		{A28914B0-5983-4DEA-93B0-1263BAB57995}.Debug|Any CPU.Deploy.0 = Debug|Any CPU
		{A28914B0-5983-4DEA-93B0-1263BAB57995}.Debug|ARM.ActiveCfg = Debug|Any CPU
		{A28914B0-5983-4DEA-93B0-1263BAB57995}.Debug|ARM.Build.0 = Debug|Any CPU
		{A28914B0-5983-4DEA-93B0-1263BAB57995}.Debug|ARM.Deploy.0 = Debug|Any CPU
		{A28914B0-5983-4DEA-93B0-1263BAB57995}.Debug|iPhone.ActiveCfg = Debug|Any CPU
		{A28914B0-5983-4DEA-93B0-1263BAB57995}.Debug|iPhone.Build.0 = Debug|Any CPU
		{A28914B0-5983-4DEA-93B0-1263BAB57995}.Debug|iPhone.Deploy.0 = Debug|Any CPU
		{A28914B0-5983-4DEA-93B0-1263BAB57995}.Debug|iPhoneSimulator.ActiveCfg = Debug|Any CPU
		{A28914B0-5983-4DEA-93B0-1263BAB57995}.Debug|iPhoneSimulator.Build.0 = Debug|Any CPU
		{A28914B0-5983-4DEA-93B0-1263BAB57995}.Debug|iPhoneSimulator.Deploy.0 = Debug|Any CPU
		{A28914B0-5983-4DEA-93B0-1263BAB57995}.Debug|x64.ActiveCfg = Debug|Any CPU
		{A28914B0-5983-4DEA-93B0-1263BAB57995}.Debug|x64.Build.0 = Debug|Any CPU
		{A28914B0-5983-4DEA-93B0-1263BAB57995}.Debug|x64.Deploy.0 = Debug|Any CPU
		{A28914B0-5983-4DEA-93B0-1263BAB57995}.Debug|x86.ActiveCfg = Debug|Any CPU
		{A28914B0-5983-4DEA-93B0-1263BAB57995}.Debug|x86.Build.0 = Debug|Any CPU
		{A28914B0-5983-4DEA-93B0-1263BAB57995}.Debug|x86.Deploy.0 = Debug|Any CPU
		{A28914B0-5983-4DEA-93B0-1263BAB57995}.Release|Any CPU.ActiveCfg = Release|Any CPU
		{A28914B0-5983-4DEA-93B0-1263BAB57995}.Release|Any CPU.Build.0 = Release|Any CPU
		{A28914B0-5983-4DEA-93B0-1263BAB57995}.Release|Any CPU.Deploy.0 = Release|Any CPU
		{A28914B0-5983-4DEA-93B0-1263BAB57995}.Release|ARM.ActiveCfg = Release|Any CPU
		{A28914B0-5983-4DEA-93B0-1263BAB57995}.Release|ARM.Build.0 = Release|Any CPU
		{A28914B0-5983-4DEA-93B0-1263BAB57995}.Release|ARM.Deploy.0 = Release|Any CPU
		{A28914B0-5983-4DEA-93B0-1263BAB57995}.Release|iPhone.ActiveCfg = Release|Any CPU
		{A28914B0-5983-4DEA-93B0-1263BAB57995}.Release|iPhone.Build.0 = Release|Any CPU
		{A28914B0-5983-4DEA-93B0-1263BAB57995}.Release|iPhone.Deploy.0 = Release|Any CPU
		{A28914B0-5983-4DEA-93B0-1263BAB57995}.Release|iPhoneSimulator.ActiveCfg = Release|Any CPU
		{A28914B0-5983-4DEA-93B0-1263BAB57995}.Release|iPhoneSimulator.Build.0 = Release|Any CPU
		{A28914B0-5983-4DEA-93B0-1263BAB57995}.Release|iPhoneSimulator.Deploy.0 = Release|Any CPU
		{A28914B0-5983-4DEA-93B0-1263BAB57995}.Release|x64.ActiveCfg = Release|Any CPU
		{A28914B0-5983-4DEA-93B0-1263BAB57995}.Release|x64.Build.0 = Release|Any CPU
		{A28914B0-5983-4DEA-93B0-1263BAB57995}.Release|x64.Deploy.0 = Release|Any CPU
		{A28914B0-5983-4DEA-93B0-1263BAB57995}.Release|x86.ActiveCfg = Release|Any CPU
		{A28914B0-5983-4DEA-93B0-1263BAB57995}.Release|x86.Build.0 = Release|Any CPU
		{A28914B0-5983-4DEA-93B0-1263BAB57995}.Release|x86.Deploy.0 = Release|Any CPU
	EndGlobalSection
	GlobalSection(SolutionProperties) = preSolution
		HideSolutionNode = FALSE
	EndGlobalSection
	GlobalSection(ExtensibilityGlobals) = postSolution
		SolutionGuid = {835FF402-C749-40D2-9019-5810A4AB64A8}
	EndGlobalSection
EndGlobal
